Microsoft Visual Studio Solution File, Format Version 12.00
# Visual Studio 15
VisualStudioVersion = 15.0.26730.16
MinimumVisualStudioVersion = 10.0.40219.1
Project("{FAE04EC0-301F-11D3-BF4B-00C04F79EFBC}") = "ManualTransmissionClient", "src\ManualTransmissionClient\ManualTransmissionClient.csproj", "{98AB70F7-EF47-4776-AC2B-13587718B10D}"
EndProject
Project("{FAE04EC0-301F-11D3-BF4B-00C04F79EFBC}") = "ManualTransmissionClient.Test", "src\ManualTransmissionClient.Test\ManualTransmissionClient.Test.csproj", "{19F1DEBC-DE5E-4517-8062-F000CD499087}"
EndProject
Project("{FAE04EC0-301F-11D3-BF4B-00C04F79EFBC}") = "ManualTransmissionFunctionApp", "ManualTransmissionFunctionApp\ManualTransmissionFunctionApp.csproj", "{B585166D-8036-4DB0-B1D3-AD21B3A6913D}"
EndProject
Global
	GlobalSection(SolutionConfigurationPlatforms) = preSolution
		Debug|Any CPU = Debug|Any CPU
		Release|Any CPU = Release|Any CPU
	EndGlobalSection
	GlobalSection(ProjectConfigurationPlatforms) = postSolution
		{98AB70F7-EF47-4776-AC2B-13587718B10D}.Debug|Any CPU.ActiveCfg = Debug|Any CPU
		{98AB70F7-EF47-4776-AC2B-13587718B10D}.Debug|Any CPU.Build.0 = Debug|Any CPU
		{98AB70F7-EF47-4776-AC2B-13587718B10D}.Release|Any CPU.ActiveCfg = Release|Any CPU
		{98AB70F7-EF47-4776-AC2B-13587718B10D}.Release|Any CPU.Build.0 = Release|Any CPU
		{19F1DEBC-DE5E-4517-8062-F000CD499087}.Debug|Any CPU.ActiveCfg = Debug|Any CPU
		{19F1DEBC-DE5E-4517-8062-F000CD499087}.Debug|Any CPU.Build.0 = Debug|Any CPU
		{19F1DEBC-DE5E-4517-8062-F000CD499087}.Release|Any CPU.ActiveCfg = Release|Any CPU
		{19F1DEBC-DE5E-4517-8062-F000CD499087}.Release|Any CPU.Build.0 = Release|Any CPU
		{B585166D-8036-4DB0-B1D3-AD21B3A6913D}.Debug|Any CPU.ActiveCfg = Debug|Any CPU
		{B585166D-8036-4DB0-B1D3-AD21B3A6913D}.Debug|Any CPU.Build.0 = Debug|Any CPU
		{B585166D-8036-4DB0-B1D3-AD21B3A6913D}.Release|Any CPU.ActiveCfg = Release|Any CPU
		{B585166D-8036-4DB0-B1D3-AD21B3A6913D}.Release|Any CPU.Build.0 = Release|Any CPU
	EndGlobalSection
	GlobalSection(SolutionProperties) = preSolution
		HideSolutionNode = FALSE
	EndGlobalSection
	GlobalSection(ExtensibilityGlobals) = postSolution
		SolutionGuid = {1F4CCE64-93AA-4716-B2F5-9FC4390640AD}
	EndGlobalSection
EndGlobal
