
Microsoft Visual Studio Solution File, Format Version 12.00
# Visual Studio 14
VisualStudioVersion = 14.0.25420.1
MinimumVisualStudioVersion = 10.0.40219.1
Project("{DA7A21FA-8162-4350-AD77-A8D1B671F3ED}") = "Microsoft ML Tutorial", "Microsoft ML Tutorial\Microsoft ML Tutorial.rxproj", "{CCE076FE-FE7F-4A97-9627-839175A5F208}"
EndProject
Project("{2150E333-8FDC-42A3-9474-1A3956D46DE8}") = "Documents", "Documents", "{7A32A4E5-8DA3-4E6A-8B9B-0AFBB3818738}"
	ProjectSection(SolutionItems) = preProject
		Documents\Microsoft-ML-Tutorial.docx = Documents\Microsoft-ML-Tutorial.docx
		Documents\Microsoft-ML-Tutorial.md = Documents\Microsoft-ML-Tutorial.md
		README.md = README.md
	EndProjectSection
EndProject
Project("{2150E333-8FDC-42A3-9474-1A3956D46DE8}") = "Microsoft ML Tutorial Notebooks", "Microsoft ML Tutorial Notebooks", "{27BA69BA-C4AC-470E-8BC2-67CE429FFDA3}"
	ProjectSection(SolutionItems) = preProject
		Microsoft ML Tutorial Notebooks\Microsoft ML MNIST Deep Learning Tutorial.ipynb = Microsoft ML Tutorial Notebooks\Microsoft ML MNIST Deep Learning Tutorial.ipynb
		Microsoft ML Tutorial Notebooks\Microsoft ML Retail Churn Tutorial.ipynb = Microsoft ML Tutorial Notebooks\Microsoft ML Retail Churn Tutorial.ipynb
		Microsoft ML Tutorial Notebooks\Microsoft ML Twitter Sentiment Analysis Tutorial.ipynb = Microsoft ML Tutorial Notebooks\Microsoft ML Twitter Sentiment Analysis Tutorial.ipynb
	EndProjectSection
EndProject
Project("{2150E333-8FDC-42A3-9474-1A3956D46DE8}") = "Data", "Data", "{D97B0B41-09C2-4110-9C24-06A1AF16A2BE}"
	ProjectSection(SolutionItems) = preProject
		Microsoft ML Tutorial Notebooks\Data\HappyOrSad.csv = Microsoft ML Tutorial Notebooks\Data\HappyOrSad.csv
		Microsoft ML Tutorial Notebooks\Data\LeCun5.nn = Microsoft ML Tutorial Notebooks\Data\LeCun5.nn
		Microsoft ML Tutorial Notebooks\Data\MNIST.nn = Microsoft ML Tutorial Notebooks\Data\MNIST.nn
		Microsoft ML Tutorial Notebooks\Data\mnist.xdf = Microsoft ML Tutorial Notebooks\Data\mnist.xdf
		Microsoft ML Tutorial Notebooks\Data\Retail Churn Activity.csv = Microsoft ML Tutorial Notebooks\Data\Retail Churn Activity.csv
		Microsoft ML Tutorial Notebooks\Data\Retail Churn Users.csv = Microsoft ML Tutorial Notebooks\Data\Retail Churn Users.csv
	EndProjectSection
EndProject
Global
	GlobalSection(SolutionConfigurationPlatforms) = preSolution
		Debug|Any CPU = Debug|Any CPU
		Release|Any CPU = Release|Any CPU
	EndGlobalSection
	GlobalSection(ProjectConfigurationPlatforms) = postSolution
		{CCE076FE-FE7F-4A97-9627-839175A5F208}.Debug|Any CPU.ActiveCfg = Debug|Any CPU
		{CCE076FE-FE7F-4A97-9627-839175A5F208}.Debug|Any CPU.Build.0 = Debug|Any CPU
		{CCE076FE-FE7F-4A97-9627-839175A5F208}.Release|Any CPU.ActiveCfg = Release|Any CPU
		{CCE076FE-FE7F-4A97-9627-839175A5F208}.Release|Any CPU.Build.0 = Release|Any CPU
	EndGlobalSection
	GlobalSection(SolutionProperties) = preSolution
		HideSolutionNode = FALSE
	EndGlobalSection
	GlobalSection(NestedProjects) = preSolution
		{D97B0B41-09C2-4110-9C24-06A1AF16A2BE} = {27BA69BA-C4AC-470E-8BC2-67CE429FFDA3}
	EndGlobalSection
EndGlobal
